
Microsoft Visual Studio Solution File, Format Version 12.00
# Visual Studio Version 17
VisualStudioVersion = 17.0.31903.59
MinimumVisualStudioVersion = 10.0.40219.1
Project("{2150E333-8FDC-42A3-9474-1A3956D46DE8}") = "src", "src", "{827E0CD3-B72D-47B6-A68D-7590B98EB39B}"
EndProject
Project("{FAE04EC0-301F-11D3-BF4B-00C04F79EFBC}") = "Zeltlotse.AppHost", "src\Zeltlotse.AppHost\Zeltlotse.AppHost.csproj", "{D4FB50DC-BFA7-4458-BED6-1E56B075E6E7}"
EndProject
Project("{FAE04EC0-301F-11D3-BF4B-00C04F79EFBC}") = "Zeltlotse.ServiceDefaults", "src\Zeltlotse.ServiceDefaults\Zeltlotse.ServiceDefaults.csproj", "{35C005D0-EC07-4F1E-ABCF-477BABF0EB45}"
EndProject
Project("{FAE04EC0-301F-11D3-BF4B-00C04F79EFBC}") = "Zeltlotse.Server", "src\Zeltlotse.Server\Zeltlotse.Server.csproj", "{4D8ED084-81AA-4E7C-A806-80F40A5F8817}"
EndProject
Project("{FAE04EC0-301F-11D3-BF4B-00C04F79EFBC}") = "Zeltlotse.Client", "src\Zeltlotse.Client\Zeltlotse.Client.csproj", "{57B02309-1764-4F2F-9B77-BE01DF9597B8}"
EndProject
Project("{2150E333-8FDC-42A3-9474-1A3956D46DE8}") = "tests", "tests", "{0AB3BF05-4346-4AA6-1389-037BE0695223}"
EndProject
Project("{FAE04EC0-301F-11D3-BF4B-00C04F79EFBC}") = "Zeltlotse.Core.Tests", "tests\Zeltlotse.Core.Tests\Zeltlotse.Core.Tests.csproj", "{0B3C24AB-4D60-4614-A0A5-BABA4F1B8B62}"
EndProject
Project("{FAE04EC0-301F-11D3-BF4B-00C04F79EFBC}") = "Zeltlotse.Core.Freizeiten", "src\Zeltlotse.Core.Freizeiten\Zeltlotse.Core.Freizeiten.csproj", "{F067F87C-332C-4929-B859-B2A9AB4D5161}"
EndProject
Project("{FAE04EC0-301F-11D3-BF4B-00C04F79EFBC}") = "Zeltlotse.Core.Freizeiten.Contracts", "src\Zeltlotse.Core.Freizeiten.Contracts\Zeltlotse.Core.Freizeiten.Contracts.csproj", "{42219BCD-551F-45C3-B82B-BEFF8F57C188}"
EndProject
Project("{FAE04EC0-301F-11D3-BF4B-00C04F79EFBC}") = "Zeltlotse.Core.Konten", "src\Zeltlotse.Core.Konten\Zeltlotse.Core.Konten.csproj", "{E6FED8AE-8A35-41BC-9C11-AF260C09FB86}"
EndProject
Project("{FAE04EC0-301F-11D3-BF4B-00C04F79EFBC}") = "Zeltlotse.Core.Konten.Contracts", "src\Zeltlotse.Core.Konten.Contracts\Zeltlotse.Core.Konten.Contracts.csproj", "{E9B828A0-5B2C-4FE6-8794-183472DA2488}"
EndProject
Project("{FAE04EC0-301F-11D3-BF4B-00C04F79EFBC}") = "Zeltlotse.Core.Organisationen", "src\Zeltlotse.Core.Organisationen\Zeltlotse.Core.Organisationen.csproj", "{CEC0C475-D0C2-4801-B493-78736C71A7BA}"
EndProject
Project("{FAE04EC0-301F-11D3-BF4B-00C04F79EFBC}") = "Zeltlotse.Core.Organisationen.Contracts", "src\Zeltlotse.Core.Organisationen.Contracts\Zeltlotse.Core.Organisationen.Contracts.csproj", "{38257576-791D-4E5A-AEC7-4C7A73386112}"
EndProject
Project("{FAE04EC0-301F-11D3-BF4B-00C04F79EFBC}") = "Zeltlotse.Core.Persistenz", "src\Zeltlotse.Core.Persistenz\Zeltlotse.Core.Persistenz.csproj", "{7D052D43-85B4-4589-B0A3-59B5E32F2892}"
EndProject
Project("{FAE04EC0-301F-11D3-BF4B-00C04F79EFBC}") = "Zeltlotse.Server.Integration.Tests", "tests\Zeltlotse.Server.Integration.Tests\Zeltlotse.Server.Integration.Tests.csproj", "{D5C04ECB-B11B-4788-AD43-A007CD5FC48D}"
EndProject
Project("{2150E333-8FDC-42A3-9474-1A3956D46DE8}") = "tools", "tools", "{07C2787E-EAC7-C090-1BA3-A61EC2A24D84}"
EndProject
Project("{FAE04EC0-301F-11D3-BF4B-00C04F79EFBC}") = "Zeltlotse.Screenshots", "tools\Zeltlotse.Screenshots\Zeltlotse.Screenshots.csproj", "{3A612222-390C-4CDC-97C0-423E23D31D6A}"
EndProject
Global
	GlobalSection(SolutionConfigurationPlatforms) = preSolution
		Debug|Any CPU = Debug|Any CPU
		Debug|x64 = Debug|x64
		Debug|x86 = Debug|x86
		Release|Any CPU = Release|Any CPU
		Release|x64 = Release|x64
		Release|x86 = Release|x86
	EndGlobalSection
	GlobalSection(ProjectConfigurationPlatforms) = postSolution
		{D4FB50DC-BFA7-4458-BED6-1E56B075E6E7}.Debug|Any CPU.ActiveCfg = Debug|Any CPU
		{D4FB50DC-BFA7-4458-BED6-1E56B075E6E7}.Debug|Any CPU.Build.0 = Debug|Any CPU
		{D4FB50DC-BFA7-4458-BED6-1E56B075E6E7}.Debug|x64.ActiveCfg = Debug|Any CPU
		{D4FB50DC-BFA7-4458-BED6-1E56B075E6E7}.Debug|x64.Build.0 = Debug|Any CPU
		{D4FB50DC-BFA7-4458-BED6-1E56B075E6E7}.Debug|x86.ActiveCfg = Debug|Any CPU
		{D4FB50DC-BFA7-4458-BED6-1E56B075E6E7}.Debug|x86.Build.0 = Debug|Any CPU
		{D4FB50DC-BFA7-4458-BED6-1E56B075E6E7}.Release|Any CPU.ActiveCfg = Release|Any CPU
		{D4FB50DC-BFA7-4458-BED6-1E56B075E6E7}.Release|Any CPU.Build.0 = Release|Any CPU
		{D4FB50DC-BFA7-4458-BED6-1E56B075E6E7}.Release|x64.ActiveCfg = Release|Any CPU
		{D4FB50DC-BFA7-4458-BED6-1E56B075E6E7}.Release|x64.Build.0 = Release|Any CPU
		{D4FB50DC-BFA7-4458-BED6-1E56B075E6E7}.Release|x86.ActiveCfg = Release|Any CPU
		{D4FB50DC-BFA7-4458-BED6-1E56B075E6E7}.Release|x86.Build.0 = Release|Any CPU
		{35C005D0-EC07-4F1E-ABCF-477BABF0EB45}.Debug|Any CPU.ActiveCfg = Debug|Any CPU
		{35C005D0-EC07-4F1E-ABCF-477BABF0EB45}.Debug|Any CPU.Build.0 = Debug|Any CPU
		{35C005D0-EC07-4F1E-ABCF-477BABF0EB45}.Debug|x64.ActiveCfg = Debug|Any CPU
		{35C005D0-EC07-4F1E-ABCF-477BABF0EB45}.Debug|x64.Build.0 = Debug|Any CPU
		{35C005D0-EC07-4F1E-ABCF-477BABF0EB45}.Debug|x86.ActiveCfg = Debug|Any CPU
		{35C005D0-EC07-4F1E-ABCF-477BABF0EB45}.Debug|x86.Build.0 = Debug|Any CPU
		{35C005D0-EC07-4F1E-ABCF-477BABF0EB45}.Release|Any CPU.ActiveCfg = Release|Any CPU
		{35C005D0-EC07-4F1E-ABCF-477BABF0EB45}.Release|Any CPU.Build.0 = Release|Any CPU
		{35C005D0-EC07-4F1E-ABCF-477BABF0EB45}.Release|x64.ActiveCfg = Release|Any CPU
		{35C005D0-EC07-4F1E-ABCF-477BABF0EB45}.Release|x64.Build.0 = Release|Any CPU
		{35C005D0-EC07-4F1E-ABCF-477BABF0EB45}.Release|x86.ActiveCfg = Release|Any CPU
		{35C005D0-EC07-4F1E-ABCF-477BABF0EB45}.Release|x86.Build.0 = Release|Any CPU
		{4D8ED084-81AA-4E7C-A806-80F40A5F8817}.Debug|Any CPU.ActiveCfg = Debug|Any CPU
		{4D8ED084-81AA-4E7C-A806-80F40A5F8817}.Debug|Any CPU.Build.0 = Debug|Any CPU
		{4D8ED084-81AA-4E7C-A806-80F40A5F8817}.Debug|x64.ActiveCfg = Debug|Any CPU
		{4D8ED084-81AA-4E7C-A806-80F40A5F8817}.Debug|x64.Build.0 = Debug|Any CPU
		{4D8ED084-81AA-4E7C-A806-80F40A5F8817}.Debug|x86.ActiveCfg = Debug|Any CPU
		{4D8ED084-81AA-4E7C-A806-80F40A5F8817}.Debug|x86.Build.0 = Debug|Any CPU
		{4D8ED084-81AA-4E7C-A806-80F40A5F8817}.Release|Any CPU.ActiveCfg = Release|Any CPU
		{4D8ED084-81AA-4E7C-A806-80F40A5F8817}.Release|Any CPU.Build.0 = Release|Any CPU
		{4D8ED084-81AA-4E7C-A806-80F40A5F8817}.Release|x64.ActiveCfg = Release|Any CPU
		{4D8ED084-81AA-4E7C-A806-80F40A5F8817}.Release|x64.Build.0 = Release|Any CPU
		{4D8ED084-81AA-4E7C-A806-80F40A5F8817}.Release|x86.ActiveCfg = Release|Any CPU
		{4D8ED084-81AA-4E7C-A806-80F40A5F8817}.Release|x86.Build.0 = Release|Any CPU
		{57B02309-1764-4F2F-9B77-BE01DF9597B8}.Debug|Any CPU.ActiveCfg = Debug|Any CPU
		{57B02309-1764-4F2F-9B77-BE01DF9597B8}.Debug|Any CPU.Build.0 = Debug|Any CPU
		{57B02309-1764-4F2F-9B77-BE01DF9597B8}.Debug|x64.ActiveCfg = Debug|Any CPU
		{57B02309-1764-4F2F-9B77-BE01DF9597B8}.Debug|x64.Build.0 = Debug|Any CPU
		{57B02309-1764-4F2F-9B77-BE01DF9597B8}.Debug|x86.ActiveCfg = Debug|Any CPU
		{57B02309-1764-4F2F-9B77-BE01DF9597B8}.Debug|x86.Build.0 = Debug|Any CPU
		{57B02309-1764-4F2F-9B77-BE01DF9597B8}.Release|Any CPU.ActiveCfg = Release|Any CPU
		{57B02309-1764-4F2F-9B77-BE01DF9597B8}.Release|Any CPU.Build.0 = Release|Any CPU
		{57B02309-1764-4F2F-9B77-BE01DF9597B8}.Release|x64.ActiveCfg = Release|Any CPU
		{57B02309-1764-4F2F-9B77-BE01DF9597B8}.Release|x64.Build.0 = Release|Any CPU
		{57B02309-1764-4F2F-9B77-BE01DF9597B8}.Release|x86.ActiveCfg = Release|Any CPU
		{57B02309-1764-4F2F-9B77-BE01DF9597B8}.Release|x86.Build.0 = Release|Any CPU
		{0B3C24AB-4D60-4614-A0A5-BABA4F1B8B62}.Debug|Any CPU.ActiveCfg = Debug|Any CPU
		{0B3C24AB-4D60-4614-A0A5-BABA4F1B8B62}.Debug|Any CPU.Build.0 = Debug|Any CPU
		{0B3C24AB-4D60-4614-A0A5-BABA4F1B8B62}.Debug|x64.ActiveCfg = Debug|Any CPU
		{0B3C24AB-4D60-4614-A0A5-BABA4F1B8B62}.Debug|x64.Build.0 = Debug|Any CPU
		{0B3C24AB-4D60-4614-A0A5-BABA4F1B8B62}.Debug|x86.ActiveCfg = Debug|Any CPU
		{0B3C24AB-4D60-4614-A0A5-BABA4F1B8B62}.Debug|x86.Build.0 = Debug|Any CPU
		{0B3C24AB-4D60-4614-A0A5-BABA4F1B8B62}.Release|Any CPU.ActiveCfg = Release|Any CPU
		{0B3C24AB-4D60-4614-A0A5-BABA4F1B8B62}.Release|Any CPU.Build.0 = Release|Any CPU
		{0B3C24AB-4D60-4614-A0A5-BABA4F1B8B62}.Release|x64.ActiveCfg = Release|Any CPU
		{0B3C24AB-4D60-4614-A0A5-BABA4F1B8B62}.Release|x64.Build.0 = Release|Any CPU
		{0B3C24AB-4D60-4614-A0A5-BABA4F1B8B62}.Release|x86.ActiveCfg = Release|Any CPU
		{0B3C24AB-4D60-4614-A0A5-BABA4F1B8B62}.Release|x86.Build.0 = Release|Any CPU
		{F067F87C-332C-4929-B859-B2A9AB4D5161}.Debug|Any CPU.ActiveCfg = Debug|Any CPU
		{F067F87C-332C-4929-B859-B2A9AB4D5161}.Debug|Any CPU.Build.0 = Debug|Any CPU
		{F067F87C-332C-4929-B859-B2A9AB4D5161}.Debug|x64.ActiveCfg = Debug|Any CPU
		{F067F87C-332C-4929-B859-B2A9AB4D5161}.Debug|x64.Build.0 = Debug|Any CPU
		{F067F87C-332C-4929-B859-B2A9AB4D5161}.Debug|x86.ActiveCfg = Debug|Any CPU
		{F067F87C-332C-4929-B859-B2A9AB4D5161}.Debug|x86.Build.0 = Debug|Any CPU
		{F067F87C-332C-4929-B859-B2A9AB4D5161}.Release|Any CPU.ActiveCfg = Release|Any CPU
		{F067F87C-332C-4929-B859-B2A9AB4D5161}.Release|Any CPU.Build.0 = Release|Any CPU
		{F067F87C-332C-4929-B859-B2A9AB4D5161}.Release|x64.ActiveCfg = Release|Any CPU
		{F067F87C-332C-4929-B859-B2A9AB4D5161}.Release|x64.Build.0 = Release|Any CPU
		{F067F87C-332C-4929-B859-B2A9AB4D5161}.Release|x86.ActiveCfg = Release|Any CPU
		{F067F87C-332C-4929-B859-B2A9AB4D5161}.Release|x86.Build.0 = Release|Any CPU
		{42219BCD-551F-45C3-B82B-BEFF8F57C188}.Debug|Any CPU.ActiveCfg = Debug|Any CPU
		{42219BCD-551F-45C3-B82B-BEFF8F57C188}.Debug|Any CPU.Build.0 = Debug|Any CPU
		{42219BCD-551F-45C3-B82B-BEFF8F57C188}.Debug|x64.ActiveCfg = Debug|Any CPU
		{42219BCD-551F-45C3-B82B-BEFF8F57C188}.Debug|x64.Build.0 = Debug|Any CPU
		{42219BCD-551F-45C3-B82B-BEFF8F57C188}.Debug|x86.ActiveCfg = Debug|Any CPU
		{42219BCD-551F-45C3-B82B-BEFF8F57C188}.Debug|x86.Build.0 = Debug|Any CPU
		{42219BCD-551F-45C3-B82B-BEFF8F57C188}.Release|Any CPU.ActiveCfg = Release|Any CPU
		{42219BCD-551F-45C3-B82B-BEFF8F57C188}.Release|Any CPU.Build.0 = Release|Any CPU
		{42219BCD-551F-45C3-B82B-BEFF8F57C188}.Release|x64.ActiveCfg = Release|Any CPU
		{42219BCD-551F-45C3-B82B-BEFF8F57C188}.Release|x64.Build.0 = Release|Any CPU
		{42219BCD-551F-45C3-B82B-BEFF8F57C188}.Release|x86.ActiveCfg = Release|Any CPU
		{42219BCD-551F-45C3-B82B-BEFF8F57C188}.Release|x86.Build.0 = Release|Any CPU
		{E6FED8AE-8A35-41BC-9C11-AF260C09FB86}.Debug|Any CPU.ActiveCfg = Debug|Any CPU
		{E6FED8AE-8A35-41BC-9C11-AF260C09FB86}.Debug|Any CPU.Build.0 = Debug|Any CPU
		{E6FED8AE-8A35-41BC-9C11-AF260C09FB86}.Debug|x64.ActiveCfg = Debug|Any CPU
		{E6FED8AE-8A35-41BC-9C11-AF260C09FB86}.Debug|x64.Build.0 = Debug|Any CPU
		{E6FED8AE-8A35-41BC-9C11-AF260C09FB86}.Debug|x86.ActiveCfg = Debug|Any CPU
		{E6FED8AE-8A35-41BC-9C11-AF260C09FB86}.Debug|x86.Build.0 = Debug|Any CPU
		{E6FED8AE-8A35-41BC-9C11-AF260C09FB86}.Release|Any CPU.ActiveCfg = Release|Any CPU
		{E6FED8AE-8A35-41BC-9C11-AF260C09FB86}.Release|Any CPU.Build.0 = Release|Any CPU
		{E6FED8AE-8A35-41BC-9C11-AF260C09FB86}.Release|x64.ActiveCfg = Release|Any CPU
		{E6FED8AE-8A35-41BC-9C11-AF260C09FB86}.Release|x64.Build.0 = Release|Any CPU
		{E6FED8AE-8A35-41BC-9C11-AF260C09FB86}.Release|x86.ActiveCfg = Release|Any CPU
		{E6FED8AE-8A35-41BC-9C11-AF260C09FB86}.Release|x86.Build.0 = Release|Any CPU
		{E9B828A0-5B2C-4FE6-8794-183472DA2488}.Debug|Any CPU.ActiveCfg = Debug|Any CPU
		{E9B828A0-5B2C-4FE6-8794-183472DA2488}.Debug|Any CPU.Build.0 = Debug|Any CPU
		{E9B828A0-5B2C-4FE6-8794-183472DA2488}.Debug|x64.ActiveCfg = Debug|Any CPU
		{E9B828A0-5B2C-4FE6-8794-183472DA2488}.Debug|x64.Build.0 = Debug|Any CPU
		{E9B828A0-5B2C-4FE6-8794-183472DA2488}.Debug|x86.ActiveCfg = Debug|Any CPU
		{E9B828A0-5B2C-4FE6-8794-183472DA2488}.Debug|x86.Build.0 = Debug|Any CPU
		{E9B828A0-5B2C-4FE6-8794-183472DA2488}.Release|Any CPU.ActiveCfg = Release|Any CPU
		{E9B828A0-5B2C-4FE6-8794-183472DA2488}.Release|Any CPU.Build.0 = Release|Any CPU
		{E9B828A0-5B2C-4FE6-8794-183472DA2488}.Release|x64.ActiveCfg = Release|Any CPU
		{E9B828A0-5B2C-4FE6-8794-183472DA2488}.Release|x64.Build.0 = Release|Any CPU
		{E9B828A0-5B2C-4FE6-8794-183472DA2488}.Release|x86.ActiveCfg = Release|Any CPU
		{E9B828A0-5B2C-4FE6-8794-183472DA2488}.Release|x86.Build.0 = Release|Any CPU
		{CEC0C475-D0C2-4801-B493-78736C71A7BA}.Debug|Any CPU.ActiveCfg = Debug|Any CPU
		{CEC0C475-D0C2-4801-B493-78736C71A7BA}.Debug|Any CPU.Build.0 = Debug|Any CPU
		{CEC0C475-D0C2-4801-B493-78736C71A7BA}.Debug|x64.ActiveCfg = Debug|Any CPU
		{CEC0C475-D0C2-4801-B493-78736C71A7BA}.Debug|x64.Build.0 = Debug|Any CPU
		{CEC0C475-D0C2-4801-B493-78736C71A7BA}.Debug|x86.ActiveCfg = Debug|Any CPU
		{CEC0C475-D0C2-4801-B493-78736C71A7BA}.Debug|x86.Build.0 = Debug|Any CPU
		{CEC0C475-D0C2-4801-B493-78736C71A7BA}.Release|Any CPU.ActiveCfg = Release|Any CPU
		{CEC0C475-D0C2-4801-B493-78736C71A7BA}.Release|Any CPU.Build.0 = Release|Any CPU
		{CEC0C475-D0C2-4801-B493-78736C71A7BA}.Release|x64.ActiveCfg = Release|Any CPU
		{CEC0C475-D0C2-4801-B493-78736C71A7BA}.Release|x64.Build.0 = Release|Any CPU
		{CEC0C475-D0C2-4801-B493-78736C71A7BA}.Release|x86.ActiveCfg = Release|Any CPU
		{CEC0C475-D0C2-4801-B493-78736C71A7BA}.Release|x86.Build.0 = Release|Any CPU
		{38257576-791D-4E5A-AEC7-4C7A73386112}.Debug|Any CPU.ActiveCfg = Debug|Any CPU
		{38257576-791D-4E5A-AEC7-4C7A73386112}.Debug|Any CPU.Build.0 = Debug|Any CPU
		{38257576-791D-4E5A-AEC7-4C7A73386112}.Debug|x64.ActiveCfg = Debug|Any CPU
		{38257576-791D-4E5A-AEC7-4C7A73386112}.Debug|x64.Build.0 = Debug|Any CPU
		{38257576-791D-4E5A-AEC7-4C7A73386112}.Debug|x86.ActiveCfg = Debug|Any CPU
		{38257576-791D-4E5A-AEC7-4C7A73386112}.Debug|x86.Build.0 = Debug|Any CPU
		{38257576-791D-4E5A-AEC7-4C7A73386112}.Release|Any CPU.ActiveCfg = Release|Any CPU
		{38257576-791D-4E5A-AEC7-4C7A73386112}.Release|Any CPU.Build.0 = Release|Any CPU
		{38257576-791D-4E5A-AEC7-4C7A73386112}.Release|x64.ActiveCfg = Release|Any CPU
		{38257576-791D-4E5A-AEC7-4C7A73386112}.Release|x64.Build.0 = Release|Any CPU
		{38257576-791D-4E5A-AEC7-4C7A73386112}.Release|x86.ActiveCfg = Release|Any CPU
		{38257576-791D-4E5A-AEC7-4C7A73386112}.Release|x86.Build.0 = Release|Any CPU
		{7D052D43-85B4-4589-B0A3-59B5E32F2892}.Debug|Any CPU.ActiveCfg = Debug|Any CPU
		{7D052D43-85B4-4589-B0A3-59B5E32F2892}.Debug|Any CPU.Build.0 = Debug|Any CPU
		{7D052D43-85B4-4589-B0A3-59B5E32F2892}.Debug|x64.ActiveCfg = Debug|Any CPU
		{7D052D43-85B4-4589-B0A3-59B5E32F2892}.Debug|x64.Build.0 = Debug|Any CPU
		{7D052D43-85B4-4589-B0A3-59B5E32F2892}.Debug|x86.ActiveCfg = Debug|Any CPU
		{7D052D43-85B4-4589-B0A3-59B5E32F2892}.Debug|x86.Build.0 = Debug|Any CPU
		{7D052D43-85B4-4589-B0A3-59B5E32F2892}.Release|Any CPU.ActiveCfg = Release|Any CPU
		{7D052D43-85B4-4589-B0A3-59B5E32F2892}.Release|Any CPU.Build.0 = Release|Any CPU
		{7D052D43-85B4-4589-B0A3-59B5E32F2892}.Release|x64.ActiveCfg = Release|Any CPU
		{7D052D43-85B4-4589-B0A3-59B5E32F2892}.Release|x64.Build.0 = Release|Any CPU
		{7D052D43-85B4-4589-B0A3-59B5E32F2892}.Release|x86.ActiveCfg = Release|Any CPU
		{7D052D43-85B4-4589-B0A3-59B5E32F2892}.Release|x86.Build.0 = Release|Any CPU
		{D5C04ECB-B11B-4788-AD43-A007CD5FC48D}.Debug|Any CPU.ActiveCfg = Debug|Any CPU
		{D5C04ECB-B11B-4788-AD43-A007CD5FC48D}.Debug|Any CPU.Build.0 = Debug|Any CPU
		{D5C04ECB-B11B-4788-AD43-A007CD5FC48D}.Debug|x64.ActiveCfg = Debug|Any CPU
		{D5C04ECB-B11B-4788-AD43-A007CD5FC48D}.Debug|x64.Build.0 = Debug|Any CPU
		{D5C04ECB-B11B-4788-AD43-A007CD5FC48D}.Debug|x86.ActiveCfg = Debug|Any CPU
		{D5C04ECB-B11B-4788-AD43-A007CD5FC48D}.Debug|x86.Build.0 = Debug|Any CPU
		{D5C04ECB-B11B-4788-AD43-A007CD5FC48D}.Release|Any CPU.ActiveCfg = Release|Any CPU
		{D5C04ECB-B11B-4788-AD43-A007CD5FC48D}.Release|Any CPU.Build.0 = Release|Any CPU
		{D5C04ECB-B11B-4788-AD43-A007CD5FC48D}.Release|x64.ActiveCfg = Release|Any CPU
		{D5C04ECB-B11B-4788-AD43-A007CD5FC48D}.Release|x64.Build.0 = Release|Any CPU
		{D5C04ECB-B11B-4788-AD43-A007CD5FC48D}.Release|x86.ActiveCfg = Release|Any CPU
		{D5C04ECB-B11B-4788-AD43-A007CD5FC48D}.Release|x86.Build.0 = Release|Any CPU
		{3A612222-390C-4CDC-97C0-423E23D31D6A}.Debug|Any CPU.ActiveCfg = Debug|Any CPU
		{3A612222-390C-4CDC-97C0-423E23D31D6A}.Debug|Any CPU.Build.0 = Debug|Any CPU
		{3A612222-390C-4CDC-97C0-423E23D31D6A}.Debug|x64.ActiveCfg = Debug|Any CPU
		{3A612222-390C-4CDC-97C0-423E23D31D6A}.Debug|x64.Build.0 = Debug|Any CPU
		{3A612222-390C-4CDC-97C0-423E23D31D6A}.Debug|x86.ActiveCfg = Debug|Any CPU
		{3A612222-390C-4CDC-97C0-423E23D31D6A}.Debug|x86.Build.0 = Debug|Any CPU
		{3A612222-390C-4CDC-97C0-423E23D31D6A}.Release|Any CPU.ActiveCfg = Release|Any CPU
		{3A612222-390C-4CDC-97C0-423E23D31D6A}.Release|Any CPU.Build.0 = Release|Any CPU
		{3A612222-390C-4CDC-97C0-423E23D31D6A}.Release|x64.ActiveCfg = Release|Any CPU
		{3A612222-390C-4CDC-97C0-423E23D31D6A}.Release|x64.Build.0 = Release|Any CPU
		{3A612222-390C-4CDC-97C0-423E23D31D6A}.Release|x86.ActiveCfg = Release|Any CPU
		{3A612222-390C-4CDC-97C0-423E23D31D6A}.Release|x86.Build.0 = Release|Any CPU
	EndGlobalSection
	GlobalSection(SolutionProperties) = preSolution
		HideSolutionNode = FALSE
	EndGlobalSection
	GlobalSection(NestedProjects) = preSolution
		{D4FB50DC-BFA7-4458-BED6-1E56B075E6E7} = {827E0CD3-B72D-47B6-A68D-7590B98EB39B}
		{35C005D0-EC07-4F1E-ABCF-477BABF0EB45} = {827E0CD3-B72D-47B6-A68D-7590B98EB39B}
		{4D8ED084-81AA-4E7C-A806-80F40A5F8817} = {827E0CD3-B72D-47B6-A68D-7590B98EB39B}
		{57B02309-1764-4F2F-9B77-BE01DF9597B8} = {827E0CD3-B72D-47B6-A68D-7590B98EB39B}
		{0B3C24AB-4D60-4614-A0A5-BABA4F1B8B62} = {0AB3BF05-4346-4AA6-1389-037BE0695223}
		{F067F87C-332C-4929-B859-B2A9AB4D5161} = {827E0CD3-B72D-47B6-A68D-7590B98EB39B}
		{42219BCD-551F-45C3-B82B-BEFF8F57C188} = {827E0CD3-B72D-47B6-A68D-7590B98EB39B}
		{E6FED8AE-8A35-41BC-9C11-AF260C09FB86} = {827E0CD3-B72D-47B6-A68D-7590B98EB39B}
		{E9B828A0-5B2C-4FE6-8794-183472DA2488} = {827E0CD3-B72D-47B6-A68D-7590B98EB39B}
		{CEC0C475-D0C2-4801-B493-78736C71A7BA} = {827E0CD3-B72D-47B6-A68D-7590B98EB39B}
		{38257576-791D-4E5A-AEC7-4C7A73386112} = {827E0CD3-B72D-47B6-A68D-7590B98EB39B}
		{7D052D43-85B4-4589-B0A3-59B5E32F2892} = {827E0CD3-B72D-47B6-A68D-7590B98EB39B}
		{D5C04ECB-B11B-4788-AD43-A007CD5FC48D} = {0AB3BF05-4346-4AA6-1389-037BE0695223}
		{3A612222-390C-4CDC-97C0-423E23D31D6A} = {07C2787E-EAC7-C090-1BA3-A61EC2A24D84}
	EndGlobalSection
EndGlobal
